
Microsoft Visual Studio Solution File, Format Version 12.00
# Visual Studio Version 17
VisualStudioVersion = 17.4.33213.308
MinimumVisualStudioVersion = 10.0.40219.1
Project("{FAE04EC0-301F-11D3-BF4B-00C04F79EFBC}") = "Ejerc2", "Ejerc2\Ejerc2.csproj", "{8347CBC5-1758-4298-976B-340B5DC47D76}"
EndProject
Global
	GlobalSection(SolutionConfigurationPlatforms) = preSolution
		Debug|Any CPU = Debug|Any CPU
		Release|Any CPU = Release|Any CPU
	EndGlobalSection
	GlobalSection(ProjectConfigurationPlatforms) = postSolution
		{8347CBC5-1758-4298-976B-340B5DC47D76}.Debug|Any CPU.ActiveCfg = Debug|Any CPU
		{8347CBC5-1758-4298-976B-340B5DC47D76}.Debug|Any CPU.Build.0 = Debug|Any CPU
		{8347CBC5-1758-4298-976B-340B5DC47D76}.Release|Any CPU.ActiveCfg = Release|Any CPU
		{8347CBC5-1758-4298-976B-340B5DC47D76}.Release|Any CPU.Build.0 = Release|Any CPU
	EndGlobalSection
	GlobalSection(SolutionProperties) = preSolution
		HideSolutionNode = FALSE
	EndGlobalSection
	GlobalSection(ExtensibilityGlobals) = postSolution
		SolutionGuid = {7D86C5B4-5E25-4346-839F-4457285A355D}
	EndGlobalSection
EndGlobal
